
Microsoft Visual Studio Solution File, Format Version 12.00
# Visual Studio 15
Project("{FAE04EC0-301F-11D3-BF4B-00C04F79EFBC}") = "Actividad4.4", "Actividad4.4\Actividad4.4.csproj", "{1F1A6B78-9C84-42D4-9EB4-1C1D619B5A84}"
EndProject
Global
	GlobalSection(SolutionConfigurationPlatforms) = preSolution
		Debug|Any CPU = Debug|Any CPU
		Release|Any CPU = Release|Any CPU
	EndGlobalSection
	GlobalSection(ProjectConfigurationPlatforms) = postSolution
		{1F1A6B78-9C84-42D4-9EB4-1C1D619B5A84}.Debug|Any CPU.ActiveCfg = Debug|Any CPU
		{1F1A6B78-9C84-42D4-9EB4-1C1D619B5A84}.Debug|Any CPU.Build.0 = Debug|Any CPU
		{1F1A6B78-9C84-42D4-9EB4-1C1D619B5A84}.Release|Any CPU.ActiveCfg = Release|Any CPU
		{1F1A6B78-9C84-42D4-9EB4-1C1D619B5A84}.Release|Any CPU.Build.0 = Release|Any CPU
	EndGlobalSection
EndGlobal
