
Microsoft Visual Studio Solution File, Format Version 12.00
# Visual Studio 15
Project("{FAE04EC0-301F-11D3-BF4B-00C04F79EFBC}") = "Actividad11.pag136", "Actividad11.pag136\Actividad11.pag136.csproj", "{A6F2927F-6EBB-4B7B-9DAD-5C1A45787235}"
EndProject
Global
	GlobalSection(SolutionConfigurationPlatforms) = preSolution
		Debug|Any CPU = Debug|Any CPU
		Release|Any CPU = Release|Any CPU
	EndGlobalSection
	GlobalSection(ProjectConfigurationPlatforms) = postSolution
		{A6F2927F-6EBB-4B7B-9DAD-5C1A45787235}.Debug|Any CPU.ActiveCfg = Debug|Any CPU
		{A6F2927F-6EBB-4B7B-9DAD-5C1A45787235}.Debug|Any CPU.Build.0 = Debug|Any CPU
		{A6F2927F-6EBB-4B7B-9DAD-5C1A45787235}.Release|Any CPU.ActiveCfg = Release|Any CPU
		{A6F2927F-6EBB-4B7B-9DAD-5C1A45787235}.Release|Any CPU.Build.0 = Release|Any CPU
	EndGlobalSection
EndGlobal
