
Microsoft Visual Studio Solution File, Format Version 12.00
# Visual Studio 15
Project("{FAE04EC0-301F-11D3-BF4B-00C04F79EFBC}") = "Actividad10.7", "Actividad10.7\Actividad10.7.csproj", "{BCCDED27-2421-4721-A5D4-6CE2FA41A2DB}"
EndProject
Global
	GlobalSection(SolutionConfigurationPlatforms) = preSolution
		Debug|anycpu = Debug|anycpu
		Release|anycpu = Release|anycpu
	EndGlobalSection
	GlobalSection(ProjectConfigurationPlatforms) = postSolution
		{BCCDED27-2421-4721-A5D4-6CE2FA41A2DB}.Debug|anycpu.ActiveCfg = Debug|anycpu
		{BCCDED27-2421-4721-A5D4-6CE2FA41A2DB}.Debug|anycpu.Build.0 = Debug|anycpu
		{BCCDED27-2421-4721-A5D4-6CE2FA41A2DB}.Release|anycpu.ActiveCfg = Release|anycpu
		{BCCDED27-2421-4721-A5D4-6CE2FA41A2DB}.Release|anycpu.Build.0 = Release|anycpu
	EndGlobalSection
EndGlobal
