
Microsoft Visual Studio Solution File, Format Version 12.00
# Visual Studio 15
Project("{FAE04EC0-301F-11D3-BF4B-00C04F79EFBC}") = "Actividad9.1", "Actividad9.1\Actividad9.1.csproj", "{F0245E4A-DCE3-4290-A16E-7078AE19DA82}"
EndProject
Global
	GlobalSection(SolutionConfigurationPlatforms) = preSolution
		Debug|anycpu = Debug|anycpu
		Release|anycpu = Release|anycpu
	EndGlobalSection
	GlobalSection(ProjectConfigurationPlatforms) = postSolution
		{F0245E4A-DCE3-4290-A16E-7078AE19DA82}.Debug|anycpu.ActiveCfg = Debug|anycpu
		{F0245E4A-DCE3-4290-A16E-7078AE19DA82}.Debug|anycpu.Build.0 = Debug|anycpu
		{F0245E4A-DCE3-4290-A16E-7078AE19DA82}.Release|anycpu.ActiveCfg = Release|anycpu
		{F0245E4A-DCE3-4290-A16E-7078AE19DA82}.Release|anycpu.Build.0 = Release|anycpu
	EndGlobalSection
EndGlobal
