
Microsoft Visual Studio Solution File, Format Version 12.00
# Visual Studio 15
Project("{FAE04EC0-301F-11D3-BF4B-00C04F79EFBC}") = "Actividad3.13", "Actividad3.13\Actividad3.13.csproj", "{8F57506D-C33B-41C6-B610-CA9A8A32F3CE}"
EndProject
Global
	GlobalSection(SolutionConfigurationPlatforms) = preSolution
		Debug|Any CPU = Debug|Any CPU
		Release|Any CPU = Release|Any CPU
	EndGlobalSection
	GlobalSection(ProjectConfigurationPlatforms) = postSolution
		{8F57506D-C33B-41C6-B610-CA9A8A32F3CE}.Debug|Any CPU.ActiveCfg = Debug|Any CPU
		{8F57506D-C33B-41C6-B610-CA9A8A32F3CE}.Debug|Any CPU.Build.0 = Debug|Any CPU
		{8F57506D-C33B-41C6-B610-CA9A8A32F3CE}.Release|Any CPU.ActiveCfg = Release|Any CPU
		{8F57506D-C33B-41C6-B610-CA9A8A32F3CE}.Release|Any CPU.Build.0 = Release|Any CPU
	EndGlobalSection
EndGlobal
