
Microsoft Visual Studio Solution File, Format Version 12.00
# Visual Studio 15
Project("{FAE04EC0-301F-11D3-BF4B-00C04F79EFBC}") = "Actividad13.pag136", "Actividad13.pag136\Actividad13.pag136.csproj", "{22EA797F-CE18-4C84-AF37-FE8E7CFF9CC6}"
EndProject
Global
	GlobalSection(SolutionConfigurationPlatforms) = preSolution
		Debug|Any CPU = Debug|Any CPU
		Release|Any CPU = Release|Any CPU
	EndGlobalSection
	GlobalSection(ProjectConfigurationPlatforms) = postSolution
		{22EA797F-CE18-4C84-AF37-FE8E7CFF9CC6}.Debug|Any CPU.ActiveCfg = Debug|Any CPU
		{22EA797F-CE18-4C84-AF37-FE8E7CFF9CC6}.Debug|Any CPU.Build.0 = Debug|Any CPU
		{22EA797F-CE18-4C84-AF37-FE8E7CFF9CC6}.Release|Any CPU.ActiveCfg = Release|Any CPU
		{22EA797F-CE18-4C84-AF37-FE8E7CFF9CC6}.Release|Any CPU.Build.0 = Release|Any CPU
	EndGlobalSection
EndGlobal
