
Microsoft Visual Studio Solution File, Format Version 12.00
# Visual Studio 15
Project("{FAE04EC0-301F-11D3-BF4B-00C04F79EFBC}") = "Actividad9.pag136", "Actividad9.pag136\Actividad9.pag136.csproj", "{12FCCC79-E1B5-4E1A-8DF8-2F47E10598C9}"
EndProject
Global
	GlobalSection(SolutionConfigurationPlatforms) = preSolution
		Debug|Any CPU = Debug|Any CPU
		Release|Any CPU = Release|Any CPU
	EndGlobalSection
	GlobalSection(ProjectConfigurationPlatforms) = postSolution
		{12FCCC79-E1B5-4E1A-8DF8-2F47E10598C9}.Debug|Any CPU.ActiveCfg = Debug|Any CPU
		{12FCCC79-E1B5-4E1A-8DF8-2F47E10598C9}.Debug|Any CPU.Build.0 = Debug|Any CPU
		{12FCCC79-E1B5-4E1A-8DF8-2F47E10598C9}.Release|Any CPU.ActiveCfg = Release|Any CPU
		{12FCCC79-E1B5-4E1A-8DF8-2F47E10598C9}.Release|Any CPU.Build.0 = Release|Any CPU
	EndGlobalSection
EndGlobal
