
Microsoft Visual Studio Solution File, Format Version 12.00
# Visual Studio 15
Project("{FAE04EC0-301F-11D3-BF4B-00C04F79EFBC}") = "Actividad7.Pag136", "Actividad7.Pag136\Actividad7.Pag136.csproj", "{A5800DE5-7B46-447E-9CA8-B1F9459E6ACE}"
EndProject
Global
	GlobalSection(SolutionConfigurationPlatforms) = preSolution
		Debug|Any CPU = Debug|Any CPU
		Release|Any CPU = Release|Any CPU
	EndGlobalSection
	GlobalSection(ProjectConfigurationPlatforms) = postSolution
		{A5800DE5-7B46-447E-9CA8-B1F9459E6ACE}.Debug|Any CPU.ActiveCfg = Debug|Any CPU
		{A5800DE5-7B46-447E-9CA8-B1F9459E6ACE}.Debug|Any CPU.Build.0 = Debug|Any CPU
		{A5800DE5-7B46-447E-9CA8-B1F9459E6ACE}.Release|Any CPU.ActiveCfg = Release|Any CPU
		{A5800DE5-7B46-447E-9CA8-B1F9459E6ACE}.Release|Any CPU.Build.0 = Release|Any CPU
	EndGlobalSection
EndGlobal
