
Microsoft Visual Studio Solution File, Format Version 12.00
# Visual Studio 15
Project("{FAE04EC0-301F-11D3-BF4B-00C04F79EFBC}") = "Actividad4.1", "Actividad4.1\Actividad4.1.csproj", "{B7C5AD38-E236-4440-AA4B-B9EF362032B0}"
EndProject
Global
	GlobalSection(SolutionConfigurationPlatforms) = preSolution
		Debug|Any CPU = Debug|Any CPU
		Release|Any CPU = Release|Any CPU
	EndGlobalSection
	GlobalSection(ProjectConfigurationPlatforms) = postSolution
		{B7C5AD38-E236-4440-AA4B-B9EF362032B0}.Debug|Any CPU.ActiveCfg = Debug|Any CPU
		{B7C5AD38-E236-4440-AA4B-B9EF362032B0}.Debug|Any CPU.Build.0 = Debug|Any CPU
		{B7C5AD38-E236-4440-AA4B-B9EF362032B0}.Release|Any CPU.ActiveCfg = Release|Any CPU
		{B7C5AD38-E236-4440-AA4B-B9EF362032B0}.Release|Any CPU.Build.0 = Release|Any CPU
	EndGlobalSection
EndGlobal
